
Microsoft Visual Studio Solution File, Format Version 12.00
# Visual Studio Version 16
VisualStudioVersion = 16.0.31410.357
MinimumVisualStudioVersion = 10.0.40219.1
Project("{FAE04EC0-301F-11D3-BF4B-00C04F79EFBC}") = "VuaDuQua_Bai43_Sang2", "VuaDuQua_Bai43_Sang2\VuaDuQua_Bai43_Sang2.csproj", "{7ABD48CF-81E1-4C81-800E-3FCA8C7AE6FF}"
EndProject
Global
	GlobalSection(SolutionConfigurationPlatforms) = preSolution
		Debug|Any CPU = Debug|Any CPU
		Release|Any CPU = Release|Any CPU
	EndGlobalSection
	GlobalSection(ProjectConfigurationPlatforms) = postSolution
		{7ABD48CF-81E1-4C81-800E-3FCA8C7AE6FF}.Debug|Any CPU.ActiveCfg = Debug|Any CPU
		{7ABD48CF-81E1-4C81-800E-3FCA8C7AE6FF}.Debug|Any CPU.Build.0 = Debug|Any CPU
		{7ABD48CF-81E1-4C81-800E-3FCA8C7AE6FF}.Release|Any CPU.ActiveCfg = Release|Any CPU
		{7ABD48CF-81E1-4C81-800E-3FCA8C7AE6FF}.Release|Any CPU.Build.0 = Release|Any CPU
	EndGlobalSection
	GlobalSection(SolutionProperties) = preSolution
		HideSolutionNode = FALSE
	EndGlobalSection
	GlobalSection(ExtensibilityGlobals) = postSolution
		SolutionGuid = {64E4BCEB-4BCC-4D1E-A828-9426216D9CDB}
	EndGlobalSection
EndGlobal
